schema: '2.0'
stages:
  data_ingestion:
    cmd: python src\MonkeypoxClassifier\pipeline\stage_01_data_ingestion.py
    deps:
    - path: config\config.yaml
      hash: md5
      md5: 7e769a354995b7522b9dcd8f261b8f4d
      size: 813
    - path: src\MonkeypoxClassifier\pipeline\stage_01_data_ingestion.py
      hash: md5
      md5: 88595d0515f03f97d4c823526b85103f
      size: 922
    outs:
    - path: artifacts\data_ingestion\Monkey Pox Image
      hash: md5
      md5: bc96c05f28a74b5daabdbc2c016b4000.dir
      size: 1489650
      nfiles: 228
  prepare_base_model:
    cmd: python src\MonkeypoxClassifier\pipeline\stage_02_prepare_base_model.py
    deps:
    - path: config\config.yaml
      hash: md5
      md5: 7e769a354995b7522b9dcd8f261b8f4d
      size: 813
    - path: params.yaml
      hash: md5
      md5: c34ed0d9689b0c65d21810f812cb0029
      size: 149
    - path: src\MonkeypoxClassifier\components\prepare_base_model.py
      hash: md5
      md5: ae864453521f96cb0f67d7e42ef83261
      size: 2151
    - path: src\MonkeypoxClassifier\pipeline\stage_02_prepare_base_model.py
      hash: md5
      md5: 9354b1e8f4d3d8beb8ebfcfdce5749fd
      size: 963
    params:
      params.yaml:
        CLASSES: 2
        IMAGE_SIZE:
        - 224
        - 224
        - 3
        INCLUDE_TOP: false
        LEARNING_RATE: 0.0009
        WEIGHTS: imagenet
    outs:
    - path: artifacts\prepare_base_model
      hash: md5
      md5: 170ae0999d432ac2c9813230d078078a.dir
      size: 177345376
      nfiles: 2
  training:
    cmd: python src\MonkeypoxClassifier\pipeline\stage_03_training.py
    deps:
    - path: artifacts\data_ingestion\Monkey Pox Image
      hash: md5
      md5: bc96c05f28a74b5daabdbc2c016b4000.dir
      size: 1489650
      nfiles: 228
    - path: artifacts\prepare_base_model
      hash: md5
      md5: 170ae0999d432ac2c9813230d078078a.dir
      size: 177345376
      nfiles: 2
    - path: config\config.yaml
      hash: md5
      md5: 7e769a354995b7522b9dcd8f261b8f4d
      size: 813
    - path: params.yaml
      hash: md5
      md5: c34ed0d9689b0c65d21810f812cb0029
      size: 149
    - path: src\MonkeypoxClassifier\components\prepare_callbacks.py
      hash: md5
      md5: 27c65533f068fac8f01f39de3a813858
      size: 946
    - path: src\MonkeypoxClassifier\components\training.py
      hash: md5
      md5: f08267d0c178f4eccb0abe110b6041a0
      size: 2670
    - path: src\MonkeypoxClassifier\pipeline\stage_03_training.py
      hash: md5
      md5: 82620232821a4f73062430518c5b6ff7
      size: 1207
    params:
      params.yaml:
        AUGMENTATION: true
        BATCH_SIZE: 16
        EPOCHS: 15
        IMAGE_SIZE:
        - 224
        - 224
        - 3
    outs:
    - path: artifacts\training\model.h5
      hash: md5
      md5: 85b95f1a701ad9f5030fb0744968cf5f
      size: 281367144
  Evalutation:
    cmd: python src\MonkeypoxClassifier\pipeline\stage_04_evaluation.py
    deps:
    - path: artifacts\data_ingestion\Monkey Pox Image
      hash: md5
      md5: bc96c05f28a74b5daabdbc2c016b4000.dir
      size: 1489650
      nfiles: 228
    - path: artifacts\training\model.h5
      hash: md5
      md5: 85b95f1a701ad9f5030fb0744968cf5f
      size: 281367144
    - path: config\config.yaml
      hash: md5
      md5: 7e769a354995b7522b9dcd8f261b8f4d
      size: 813
    - path: src\MonkeypoxClassifier\pipeline\stage_04_evaluation.py
      hash: md5
      md5: 2f95d2f3aa62cc4d6ba624d8aca0d039
      size: 886
    params:
      params.yaml:
        BATCH_SIZE: 16
        IMAGE_SIZE:
        - 224
        - 224
        - 3
    outs:
    - path: scores.json
      hash: md5
      md5: 4f17bf61b25e7f8d9a6c839509c87acf
      size: 73
